{
  "name": "just-claude",
  "version": "0.1.2",
  "lockfileVersion": 3,
  "requires": true,
  "packages": {
    "": {
      "name": "just-claude",
      "version": "0.1.2",
      "hasInstallScript": true,
      "license": "MIT",
      "bin": {
        "just-claude": "bin/cli.js"
      },
      "engines": {
        "node": ">=18.0.0"
      }
    }
  }
}
